// !$*UTF8*$!
{
	archiveVersion = 1;
	classes = {
	};
	objectVersion = 50;
	objects = {

/* Begin PBXBuildFile section */
		511A94C823F5EF1100E93021 /* MultiCity.swift in Sources */ = {isa = PBXBuildFile; fileRef = 511A94C723F5EF1100E93021 /* MultiCity.swift */; };
		511A94CA23F5F06B00E93021 /* multiCity_forecast.json in Resources */ = {isa = PBXBuildFile; fileRef = 511A94C923F5F06B00E93021 /* multiCity_forecast.json */; };
		5181675E23F5A48300AB03C8 /* AppDelegate.swift in Sources */ = {isa = PBXBuildFile; fileRef = 5181675D23F5A48300AB03C8 /* AppDelegate.swift */; };
		5181676023F5A48300AB03C8 /* SceneDelegate.swift in Sources */ = {isa = PBXBuildFile; fileRef = 5181675F23F5A48300AB03C8 /* SceneDelegate.swift */; };
		5181676223F5A48300AB03C8 /* ViewController.swift in Sources */ = {isa = PBXBuildFile; fileRef = 5181676123F5A48300AB03C8 /* ViewController.swift */; };
		5181676523F5A48300AB03C8 /* Main.storyboard in Resources */ = {isa = PBXBuildFile; fileRef = 5181676323F5A48300AB03C8 /* Main.storyboard */; };
		5181676823F5A48300AB03C8 /* WeatherForecast.xcdatamodeld in Sources */ = {isa = PBXBuildFile; fileRef = 5181676623F5A48300AB03C8 /* WeatherForecast.xcdatamodeld */; };
		5181676A23F5A48300AB03C8 /* Assets.xcassets in Resources */ = {isa = PBXBuildFile; fileRef = 5181676923F5A48300AB03C8 /* Assets.xcassets */; };
		5181676D23F5A48300AB03C8 /* LaunchScreen.storyboard in Resources */ = {isa = PBXBuildFile; fileRef = 5181676B23F5A48300AB03C8 /* LaunchScreen.storyboard */; };
		5181677823F5A48300AB03C8 /* WeatherForecastTests.swift in Sources */ = {isa = PBXBuildFile; fileRef = 5181677723F5A48300AB03C8 /* WeatherForecastTests.swift */; };
		5181678323F5A48300AB03C8 /* WeatherForecastUITests.swift in Sources */ = {isa = PBXBuildFile; fileRef = 5181678223F5A48300AB03C8 /* WeatherForecastUITests.swift */; };
		5181679423F5A61F00AB03C8 /* forecast.json in Resources */ = {isa = PBXBuildFile; fileRef = 5181679323F5A61F00AB03C8 /* forecast.json */; };
		51860CF523F5AE5A008546C7 /* FavouriteLocationTableViewCell.xib in Resources */ = {isa = PBXBuildFile; fileRef = 51860CF423F5AE5A008546C7 /* FavouriteLocationTableViewCell.xib */; };
		51860CF823F5AED5008546C7 /* FavouriteLocationTableViewCell.swift in Sources */ = {isa = PBXBuildFile; fileRef = 51860CF723F5AED5008546C7 /* FavouriteLocationTableViewCell.swift */; };
		51860CFA23F5AF97008546C7 /* CurrentWeather.swift in Sources */ = {isa = PBXBuildFile; fileRef = 51860CF923F5AF97008546C7 /* CurrentWeather.swift */; };
		51860CFC23F5AFBA008546C7 /* Coord.swift in Sources */ = {isa = PBXBuildFile; fileRef = 51860CFB23F5AFBA008546C7 /* Coord.swift */; };
		51860CFE23F5AFE0008546C7 /* Weather.swift in Sources */ = {isa = PBXBuildFile; fileRef = 51860CFD23F5AFE0008546C7 /* Weather.swift */; };
		51860D0023F5B00E008546C7 /* MainWeather.swift in Sources */ = {isa = PBXBuildFile; fileRef = 51860CFF23F5B00E008546C7 /* MainWeather.swift */; };
		51860D0223F5B027008546C7 /* Wind.swift in Sources */ = {isa = PBXBuildFile; fileRef = 51860D0123F5B027008546C7 /* Wind.swift */; };
		51860D0623F5B0C9008546C7 /* CGFloat.swift in Sources */ = {isa = PBXBuildFile; fileRef = 51860D0523F5B0C9008546C7 /* CGFloat.swift */; };
		51860D0823F5B210008546C7 /* WeatherAPI.swift in Sources */ = {isa = PBXBuildFile; fileRef = 51860D0723F5B210008546C7 /* WeatherAPI.swift */; };
		51860D0A23F5B272008546C7 /* MockWeatherAPI.swift in Sources */ = {isa = PBXBuildFile; fileRef = 51860D0923F5B272008546C7 /* MockWeatherAPI.swift */; };
		51860D0D23F5B2E5008546C7 /* WFService.swift in Sources */ = {isa = PBXBuildFile; fileRef = 51860D0C23F5B2E5008546C7 /* WFService.swift */; };
		51860D0F23F5D76E008546C7 /* APIManager.swift in Sources */ = {isa = PBXBuildFile; fileRef = 51860D0E23F5D76E008546C7 /* APIManager.swift */; };
		51860D1123F5DAEC008546C7 /* FetchError.swift in Sources */ = {isa = PBXBuildFile; fileRef = 51860D1023F5DAEC008546C7 /* FetchError.swift */; };
		51860D1323F5E485008546C7 /* FavouritesViewController.swift in Sources */ = {isa = PBXBuildFile; fileRef = 51860D1223F5E485008546C7 /* FavouritesViewController.swift */; };
/* End PBXBuildFile section */

/* Begin PBXContainerItemProxy section */
		5181677423F5A48300AB03C8 /* PBXContainerItemProxy */ = {
			isa = PBXContainerItemProxy;
			containerPortal = 5181675223F5A48300AB03C8 /* Project object */;
			proxyType = 1;
			remoteGlobalIDString = 5181675923F5A48300AB03C8;
			remoteInfo = WeatherForecast;
		};
		5181677F23F5A48300AB03C8 /* PBXContainerItemProxy */ = {
			isa = PBXContainerItemProxy;
			containerPortal = 5181675223F5A48300AB03C8 /* Project object */;
			proxyType = 1;
			remoteGlobalIDString = 5181675923F5A48300AB03C8;
			remoteInfo = WeatherForecast;
		};
/* End PBXContainerItemProxy section */

/* Begin PBXFileReference section */
		511A94C723F5EF1100E93021 /* MultiCity.swift */ = {isa = PBXFileReference; lastKnownFileType = sourcecode.swift; path = MultiCity.swift; sourceTree = "<group>"; };
		511A94C923F5F06B00E93021 /* multiCity_forecast.json */ = {isa = PBXFileReference; lastKnownFileType = text.json; path = multiCity_forecast.json; sourceTree = "<group>"; };
		5181675A23F5A48300AB03C8 /* WeatherForecast.app */ = {isa = PBXFileReference; explicitFileType = wrapper.application; includeInIndex = 0; path = WeatherForecast.app; sourceTree = BUILT_PRODUCTS_DIR; };
		5181675D23F5A48300AB03C8 /* AppDelegate.swift */ = {isa = PBXFileReference; lastKnownFileType = sourcecode.swift; path = AppDelegate.swift; sourceTree = "<group>"; };
		5181675F23F5A48300AB03C8 /* SceneDelegate.swift */ = {isa = PBXFileReference; lastKnownFileType = sourcecode.swift; path = SceneDelegate.swift; sourceTree = "<group>"; };
		5181676123F5A48300AB03C8 /* ViewController.swift */ = {isa = PBXFileReference; lastKnownFileType = sourcecode.swift; path = ViewController.swift; sourceTree = "<group>"; };
		5181676423F5A48300AB03C8 /* Base */ = {isa = PBXFileReference; lastKnownFileType = file.storyboard; name = Base; path = Base.lproj/Main.storyboard; sourceTree = "<group>"; };
		5181676723F5A48300AB03C8 /* WeatherForecast.xcdatamodel */ = {isa = PBXFileReference; lastKnownFileType = wrapper.xcdatamodel; path = WeatherForecast.xcdatamodel; sourceTree = "<group>"; };
		5181676923F5A48300AB03C8 /* Assets.xcassets */ = {isa = PBXFileReference; lastKnownFileType = folder.assetcatalog; path = Assets.xcassets; sourceTree = "<group>"; };
		5181676C23F5A48300AB03C8 /* Base */ = {isa = PBXFileReference; lastKnownFileType = file.storyboard; name = Base; path = Base.lproj/LaunchScreen.storyboard; sourceTree = "<group>"; };
		5181676E23F5A48300AB03C8 /* Info.plist */ = {isa = PBXFileReference; lastKnownFileType = text.plist.xml; path = Info.plist; sourceTree = "<group>"; };
		5181677323F5A48300AB03C8 /* WeatherForecastTests.xctest */ = {isa = PBXFileReference; explicitFileType = wrapper.cfbundle; includeInIndex = 0; path = WeatherForecastTests.xctest; sourceTree = BUILT_PRODUCTS_DIR; };
		5181677723F5A48300AB03C8 /* WeatherForecastTests.swift */ = {isa = PBXFileReference; lastKnownFileType = sourcecode.swift; path = WeatherForecastTests.swift; sourceTree = "<group>"; };
		5181677923F5A48300AB03C8 /* Info.plist */ = {isa = PBXFileReference; lastKnownFileType = text.plist.xml; path = Info.plist; sourceTree = "<group>"; };
		5181677E23F5A48300AB03C8 /* WeatherForecastUITests.xctest */ = {isa = PBXFileReference; explicitFileType = wrapper.cfbundle; includeInIndex = 0; path = WeatherForecastUITests.xctest; sourceTree = BUILT_PRODUCTS_DIR; };
		5181678223F5A48300AB03C8 /* WeatherForecastUITests.swift */ = {isa = PBXFileReference; lastKnownFileType = sourcecode.swift; path = WeatherForecastUITests.swift; sourceTree = "<group>"; };
		5181678423F5A48300AB03C8 /* Info.plist */ = {isa = PBXFileReference; lastKnownFileType = text.plist.xml; path = Info.plist; sourceTree = "<group>"; };
		5181679323F5A61F00AB03C8 /* forecast.json */ = {isa = PBXFileReference; lastKnownFileType = text.json; path = forecast.json; sourceTree = "<group>"; };
		51860CF423F5AE5A008546C7 /* FavouriteLocationTableViewCell.xib */ = {isa = PBXFileReference; lastKnownFileType = file.xib; path = FavouriteLocationTableViewCell.xib; sourceTree = "<group>"; };
		51860CF723F5AED5008546C7 /* FavouriteLocationTableViewCell.swift */ = {isa = PBXFileReference; lastKnownFileType = sourcecode.swift; path = FavouriteLocationTableViewCell.swift; sourceTree = "<group>"; };
		51860CF923F5AF97008546C7 /* CurrentWeather.swift */ = {isa = PBXFileReference; lastKnownFileType = sourcecode.swift; path = CurrentWeather.swift; sourceTree = "<group>"; };
		51860CFB23F5AFBA008546C7 /* Coord.swift */ = {isa = PBXFileReference; lastKnownFileType = sourcecode.swift; path = Coord.swift; sourceTree = "<group>"; };
		51860CFD23F5AFE0008546C7 /* Weather.swift */ = {isa = PBXFileReference; lastKnownFileType = sourcecode.swift; path = Weather.swift; sourceTree = "<group>"; };
		51860CFF23F5B00E008546C7 /* MainWeather.swift */ = {isa = PBXFileReference; lastKnownFileType = sourcecode.swift; path = MainWeather.swift; sourceTree = "<group>"; };
		51860D0123F5B027008546C7 /* Wind.swift */ = {isa = PBXFileReference; lastKnownFileType = sourcecode.swift; path = Wind.swift; sourceTree = "<group>"; };
		51860D0523F5B0C9008546C7 /* CGFloat.swift */ = {isa = PBXFileReference; lastKnownFileType = sourcecode.swift; path = CGFloat.swift; sourceTree = "<group>"; };
		51860D0723F5B210008546C7 /* WeatherAPI.swift */ = {isa = PBXFileReference; lastKnownFileType = sourcecode.swift; path = WeatherAPI.swift; sourceTree = "<group>"; };
		51860D0923F5B272008546C7 /* MockWeatherAPI.swift */ = {isa = PBXFileReference; lastKnownFileType = sourcecode.swift; path = MockWeatherAPI.swift; sourceTree = "<group>"; };
		51860D0C23F5B2E5008546C7 /* WFService.swift */ = {isa = PBXFileReference; lastKnownFileType = sourcecode.swift; path = WFService.swift; sourceTree = "<group>"; };
		51860D0E23F5D76E008546C7 /* APIManager.swift */ = {isa = PBXFileReference; lastKnownFileType = sourcecode.swift; path = APIManager.swift; sourceTree = "<group>"; };
		51860D1023F5DAEC008546C7 /* FetchError.swift */ = {isa = PBXFileReference; lastKnownFileType = sourcecode.swift; path = FetchError.swift; sourceTree = "<group>"; };
		51860D1223F5E485008546C7 /* FavouritesViewController.swift */ = {isa = PBXFileReference; lastKnownFileType = sourcecode.swift; path = FavouritesViewController.swift; sourceTree = "<group>"; };
/* End PBXFileReference section */

/* Begin PBXFrameworksBuildPhase section */
		5181675723F5A48300AB03C8 /* Frameworks */ = {
			isa = PBXFrameworksBuildPhase;
			buildActionMask = 2147483647;
			files = (
			);
			runOnlyForDeploymentPostprocessing = 0;
		};
		5181677023F5A48300AB03C8 /* Frameworks */ = {
			isa = PBXFrameworksBuildPhase;
			buildActionMask = 2147483647;
			files = (
			);
			runOnlyForDeploymentPostprocessing = 0;
		};
		5181677B23F5A48300AB03C8 /* Frameworks */ = {
			isa = PBXFrameworksBuildPhase;
			buildActionMask = 2147483647;
			files = (
			);
			runOnlyForDeploymentPostprocessing = 0;
		};
/* End PBXFrameworksBuildPhase section */

/* Begin PBXGroup section */
		5181675123F5A48300AB03C8 = {
			isa = PBXGroup;
			children = (
				5181675C23F5A48300AB03C8 /* WeatherForecast */,
				5181677623F5A48300AB03C8 /* WeatherForecastTests */,
				5181678123F5A48300AB03C8 /* WeatherForecastUITests */,
				5181675B23F5A48300AB03C8 /* Products */,
			);
			sourceTree = "<group>";
		};
		5181675B23F5A48300AB03C8 /* Products */ = {
			isa = PBXGroup;
			children = (
				5181675A23F5A48300AB03C8 /* WeatherForecast.app */,
				5181677323F5A48300AB03C8 /* WeatherForecastTests.xctest */,
				5181677E23F5A48300AB03C8 /* WeatherForecastUITests.xctest */,
			);
			name = Products;
			sourceTree = "<group>";
		};
		5181675C23F5A48300AB03C8 /* WeatherForecast */ = {
			isa = PBXGroup;
			children = (
				51860D0B23F5B2C3008546C7 /* Managers */,
				51860D0423F5B0B9008546C7 /* Extensions */,
				5181679523F5A79200AB03C8 /* UI */,
				5181679223F5A60700AB03C8 /* Resources */,
				5181679123F5A5E300AB03C8 /* Model */,
				5181679023F5A5DB00AB03C8 /* API */,
				5181675D23F5A48300AB03C8 /* AppDelegate.swift */,
				5181675F23F5A48300AB03C8 /* SceneDelegate.swift */,
				5181676123F5A48300AB03C8 /* ViewController.swift */,
				5181676923F5A48300AB03C8 /* Assets.xcassets */,
				5181676B23F5A48300AB03C8 /* LaunchScreen.storyboard */,
				5181676E23F5A48300AB03C8 /* Info.plist */,
				5181676623F5A48300AB03C8 /* WeatherForecast.xcdatamodeld */,
			);
			path = WeatherForecast;
			sourceTree = "<group>";
		};
		5181677623F5A48300AB03C8 /* WeatherForecastTests */ = {
			isa = PBXGroup;
			children = (
				5181677723F5A48300AB03C8 /* WeatherForecastTests.swift */,
				5181677923F5A48300AB03C8 /* Info.plist */,
			);
			path = WeatherForecastTests;
			sourceTree = "<group>";
		};
		5181678123F5A48300AB03C8 /* WeatherForecastUITests */ = {
			isa = PBXGroup;
			children = (
				5181678223F5A48300AB03C8 /* WeatherForecastUITests.swift */,
				5181678423F5A48300AB03C8 /* Info.plist */,
			);
			path = WeatherForecastUITests;
			sourceTree = "<group>";
		};
		5181679023F5A5DB00AB03C8 /* API */ = {
			isa = PBXGroup;
			children = (
				51860D0723F5B210008546C7 /* WeatherAPI.swift */,
				51860D0923F5B272008546C7 /* MockWeatherAPI.swift */,
				51860D0E23F5D76E008546C7 /* APIManager.swift */,
				51860D1023F5DAEC008546C7 /* FetchError.swift */,
			);
			path = API;
			sourceTree = "<group>";
		};
		5181679123F5A5E300AB03C8 /* Model */ = {
			isa = PBXGroup;
			children = (
				51860CF923F5AF97008546C7 /* CurrentWeather.swift */,
				51860CFB23F5AFBA008546C7 /* Coord.swift */,
				51860CFD23F5AFE0008546C7 /* Weather.swift */,
				51860CFF23F5B00E008546C7 /* MainWeather.swift */,
				51860D0123F5B027008546C7 /* Wind.swift */,
				511A94C723F5EF1100E93021 /* MultiCity.swift */,
			);
			path = Model;
			sourceTree = "<group>";
		};
		5181679223F5A60700AB03C8 /* Resources */ = {
			isa = PBXGroup;
			children = (
				5181679323F5A61F00AB03C8 /* forecast.json */,
				511A94C923F5F06B00E93021 /* multiCity_forecast.json */,
			);
			path = Resources;
			sourceTree = "<group>";
		};
		5181679523F5A79200AB03C8 /* UI */ = {
			isa = PBXGroup;
			children = (
				51860CF623F5AEBA008546C7 /* Classes */,
				5181679723F5A7AA00AB03C8 /* Xibs */,
				5181679623F5A79E00AB03C8 /* Storyboards */,
			);
			path = UI;
			sourceTree = "<group>";
		};
		5181679623F5A79E00AB03C8 /* Storyboards */ = {
			isa = PBXGroup;
			children = (
				5181676323F5A48300AB03C8 /* Main.storyboard */,
			);
			path = Storyboards;
			sourceTree = "<group>";
		};
		5181679723F5A7AA00AB03C8 /* Xibs */ = {
			isa = PBXGroup;
			children = (
				51860CF423F5AE5A008546C7 /* FavouriteLocationTableViewCell.xib */,
			);
			path = Xibs;
			sourceTree = "<group>";
		};
		51860CF623F5AEBA008546C7 /* Classes */ = {
			isa = PBXGroup;
			children = (
				51860CF723F5AED5008546C7 /* FavouriteLocationTableViewCell.swift */,
				51860D1223F5E485008546C7 /* FavouritesViewController.swift */,
			);
			path = Classes;
			sourceTree = "<group>";
		};
		51860D0423F5B0B9008546C7 /* Extensions */ = {
			isa = PBXGroup;
			children = (
				51860D0523F5B0C9008546C7 /* CGFloat.swift */,
			);
			path = Extensions;
			sourceTree = "<group>";
		};
		51860D0B23F5B2C3008546C7 /* Managers */ = {
			isa = PBXGroup;
			children = (
				51860D0C23F5B2E5008546C7 /* WFService.swift */,
			);
			path = Managers;
			sourceTree = "<group>";
		};
/* End PBXGroup section */

/* Begin PBXNativeTarget section */
		5181675923F5A48300AB03C8 /* WeatherForecast */ = {
			isa = PBXNativeTarget;
			buildConfigurationList = 5181678723F5A48300AB03C8 /* Build configuration list for PBXNativeTarget "WeatherForecast" */;
			buildPhases = (
				5181675623F5A48300AB03C8 /* Sources */,
				5181675723F5A48300AB03C8 /* Frameworks */,
				5181675823F5A48300AB03C8 /* Resources */,
			);
			buildRules = (
			);
			dependencies = (
			);
			name = WeatherForecast;
			productName = WeatherForecast;
			productReference = 5181675A23F5A48300AB03C8 /* WeatherForecast.app */;
			productType = "com.apple.product-type.application";
		};
		5181677223F5A48300AB03C8 /* WeatherForecastTests */ = {
			isa = PBXNativeTarget;
			buildConfigurationList = 5181678A23F5A48300AB03C8 /* Build configuration list for PBXNativeTarget "WeatherForecastTests" */;
			buildPhases = (
				5181676F23F5A48300AB03C8 /* Sources */,
				5181677023F5A48300AB03C8 /* Frameworks */,
				5181677123F5A48300AB03C8 /* Resources */,
			);
			buildRules = (
			);
			dependencies = (
				5181677523F5A48300AB03C8 /* PBXTargetDependency */,
			);
			name = WeatherForecastTests;
			productName = WeatherForecastTests;
			productReference = 5181677323F5A48300AB03C8 /* WeatherForecastTests.xctest */;
			productType = "com.apple.product-type.bundle.unit-test";
		};
		5181677D23F5A48300AB03C8 /* WeatherForecastUITests */ = {
			isa = PBXNativeTarget;
			buildConfigurationList = 5181678D23F5A48300AB03C8 /* Build configuration list for PBXNativeTarget "WeatherForecastUITests" */;
			buildPhases = (
				5181677A23F5A48300AB03C8 /* Sources */,
				5181677B23F5A48300AB03C8 /* Frameworks */,
				5181677C23F5A48300AB03C8 /* Resources */,
			);
			buildRules = (
			);
			dependencies = (
				5181678023F5A48300AB03C8 /* PBXTargetDependency */,
			);
			name = WeatherForecastUITests;
			productName = WeatherForecastUITests;
			productReference = 5181677E23F5A48300AB03C8 /* WeatherForecastUITests.xctest */;
			productType = "com.apple.product-type.bundle.ui-testing";
		};
/* End PBXNativeTarget section */

/* Begin PBXProject section */
		5181675223F5A48300AB03C8 /* Project object */ = {
			isa = PBXProject;
			attributes = {
				LastSwiftUpdateCheck = 1130;
				LastUpgradeCheck = 1130;
				ORGANIZATIONNAME = "Christopher Batin";
				TargetAttributes = {
					5181675923F5A48300AB03C8 = {
						CreatedOnToolsVersion = 11.3.1;
					};
					5181677223F5A48300AB03C8 = {
						CreatedOnToolsVersion = 11.3.1;
						TestTargetID = 5181675923F5A48300AB03C8;
					};
					5181677D23F5A48300AB03C8 = {
						CreatedOnToolsVersion = 11.3.1;
						TestTargetID = 5181675923F5A48300AB03C8;
					};
				};
			};
			buildConfigurationList = 5181675523F5A48300AB03C8 /* Build configuration list for PBXProject "WeatherForecast" */;
			compatibilityVersion = "Xcode 9.3";
			developmentRegion = en;
			hasScannedForEncodings = 0;
			knownRegions = (
				en,
				Base,
			);
			mainGroup = 5181675123F5A48300AB03C8;
			productRefGroup = 5181675B23F5A48300AB03C8 /* Products */;
			projectDirPath = "";
			projectRoot = "";
			targets = (
				5181675923F5A48300AB03C8 /* WeatherForecast */,
				5181677223F5A48300AB03C8 /* WeatherForecastTests */,
				5181677D23F5A48300AB03C8 /* WeatherForecastUITests */,
			);
		};
/* End PBXProject section */

/* Begin PBXResourcesBuildPhase section */
		5181675823F5A48300AB03C8 /* Resources */ = {
			isa = PBXResourcesBuildPhase;
			buildActionMask = 2147483647;
			files = (
				5181679423F5A61F00AB03C8 /* forecast.json in Resources */,
				5181676D23F5A48300AB03C8 /* LaunchScreen.storyboard in Resources */,
				51860CF523F5AE5A008546C7 /* FavouriteLocationTableViewCell.xib in Resources */,
				5181676A23F5A48300AB03C8 /* Assets.xcassets in Resources */,
				5181676523F5A48300AB03C8 /* Main.storyboard in Resources */,
				511A94CA23F5F06B00E93021 /* multiCity_forecast.json in Resources */,
			);
			runOnlyForDeploymentPostprocessing = 0;
		};
		5181677123F5A48300AB03C8 /* Resources */ = {
			isa = PBXResourcesBuildPhase;
			buildActionMask = 2147483647;
			files = (
			);
			runOnlyForDeploymentPostprocessing = 0;
		};
		5181677C23F5A48300AB03C8 /* Resources */ = {
			isa = PBXResourcesBuildPhase;
			buildActionMask = 2147483647;
			files = (
			);
			runOnlyForDeploymentPostprocessing = 0;
		};
/* End PBXResourcesBuildPhase section */

/* Begin PBXSourcesBuildPhase section */
		5181675623F5A48300AB03C8 /* Sources */ = {
			isa = PBXSourcesBuildPhase;
			buildActionMask = 2147483647;
			files = (
				511A94C823F5EF1100E93021 /* MultiCity.swift in Sources */,
				51860D1323F5E485008546C7 /* FavouritesViewController.swift in Sources */,
				51860CFE23F5AFE0008546C7 /* Weather.swift in Sources */,
				51860D0A23F5B272008546C7 /* MockWeatherAPI.swift in Sources */,
				51860D0223F5B027008546C7 /* Wind.swift in Sources */,
				51860D0623F5B0C9008546C7 /* CGFloat.swift in Sources */,
				51860D0023F5B00E008546C7 /* MainWeather.swift in Sources */,
				51860CFC23F5AFBA008546C7 /* Coord.swift in Sources */,
				5181676223F5A48300AB03C8 /* ViewController.swift in Sources */,
				5181675E23F5A48300AB03C8 /* AppDelegate.swift in Sources */,
				51860CF823F5AED5008546C7 /* FavouriteLocationTableViewCell.swift in Sources */,
				5181676023F5A48300AB03C8 /* SceneDelegate.swift in Sources */,
				51860D0D23F5B2E5008546C7 /* WFService.swift in Sources */,
				51860D0823F5B210008546C7 /* WeatherAPI.swift in Sources */,
				51860D0F23F5D76E008546C7 /* APIManager.swift in Sources */,
				51860CFA23F5AF97008546C7 /* CurrentWeather.swift in Sources */,
				5181676823F5A48300AB03C8 /* WeatherForecast.xcdatamodeld in Sources */,
				51860D1123F5DAEC008546C7 /* FetchError.swift in Sources */,
			);
			runOnlyForDeploymentPostprocessing = 0;
		};
		5181676F23F5A48300AB03C8 /* Sources */ = {
			isa = PBXSourcesBuildPhase;
			buildActionMask = 2147483647;
			files = (
				5181677823F5A48300AB03C8 /* WeatherForecastTests.swift in Sources */,
			);
			runOnlyForDeploymentPostprocessing = 0;
		};
		5181677A23F5A48300AB03C8 /* Sources */ = {
			isa = PBXSourcesBuildPhase;
			buildActionMask = 2147483647;
			files = (
				5181678323F5A48300AB03C8 /* WeatherForecastUITests.swift in Sources */,
			);
			runOnlyForDeploymentPostprocessing = 0;
		};
/* End PBXSourcesBuildPhase section */

/* Begin PBXTargetDependency section */
		5181677523F5A48300AB03C8 /* PBXTargetDependency */ = {
			isa = PBXTargetDependency;
			target = 5181675923F5A48300AB03C8 /* WeatherForecast */;
			targetProxy = 5181677423F5A48300AB03C8 /* PBXContainerItemProxy */;
		};
		5181678023F5A48300AB03C8 /* PBXTargetDependency */ = {
			isa = PBXTargetDependency;
			target = 5181675923F5A48300AB03C8 /* WeatherForecast */;
			targetProxy = 5181677F23F5A48300AB03C8 /* PBXContainerItemProxy */;
		};
/* End PBXTargetDependency section */

/* Begin PBXVariantGroup section */
		5181676323F5A48300AB03C8 /* Main.storyboard */ = {
			isa = PBXVariantGroup;
			children = (
				5181676423F5A48300AB03C8 /* Base */,
			);
			name = Main.storyboard;
			sourceTree = "<group>";
		};
		5181676B23F5A48300AB03C8 /* LaunchScreen.storyboard */ = {
			isa = PBXVariantGroup;
			children = (
				5181676C23F5A48300AB03C8 /* Base */,
			);
			name = LaunchScreen.storyboard;
			sourceTree = "<group>";
		};
/* End PBXVariantGroup section */

/* Begin XCBuildConfiguration section */
		5181678523F5A48300AB03C8 /* Debug */ = {
			isa = XCBuildConfiguration;
			buildSettings = {
				ALWAYS_SEARCH_USER_PATHS = NO;
				CLANG_ANALYZER_NONNULL = YES;
				CLANG_ANALYZER_NUMBER_OBJECT_CONVERSION = YES_AGGRESSIVE;
				CLANG_CXX_LANGUAGE_STANDARD = "gnu++14";
				CLANG_CXX_LIBRARY = "libc++";
				CLANG_ENABLE_MODULES = YES;
				CLANG_ENABLE_OBJC_ARC = YES;
				CLANG_ENABLE_OBJC_WEAK = YES;
				CLANG_WARN_BLOCK_CAPTURE_AUTORELEASING = YES;
				CLANG_WARN_BOOL_CONVERSION = YES;
				CLANG_WARN_COMMA = YES;
				CLANG_WARN_CONSTANT_CONVERSION = YES;
				CLANG_WARN_DEPRECATED_OBJC_IMPLEMENTATIONS = YES;
				CLANG_WARN_DIRECT_OBJC_ISA_USAGE = YES_ERROR;
				CLANG_WARN_DOCUMENTATION_COMMENTS = YES;
				CLANG_WARN_EMPTY_BODY = YES;
				CLANG_WARN_ENUM_CONVERSION = YES;
				CLANG_WARN_INFINITE_RECURSION = YES;
				CLANG_WARN_INT_CONVERSION = YES;
				CLANG_WARN_NON_LITERAL_NULL_CONVERSION = YES;
				CLANG_WARN_OBJC_IMPLICIT_RETAIN_SELF = YES;
				CLANG_WARN_OBJC_LITERAL_CONVERSION = YES;
				CLANG_WARN_OBJC_ROOT_CLASS = YES_ERROR;
				CLANG_WARN_RANGE_LOOP_ANALYSIS = YES;
				CLANG_WARN_STRICT_PROTOTYPES = YES;
				CLANG_WARN_SUSPICIOUS_MOVE = YES;
				CLANG_WARN_UNGUARDED_AVAILABILITY = YES_AGGRESSIVE;
				CLANG_WARN_UNREACHABLE_CODE = YES;
				CLANG_WARN__DUPLICATE_METHOD_MATCH = YES;
				COPY_PHASE_STRIP = NO;
				DEBUG_INFORMATION_FORMAT = dwarf;
				ENABLE_STRICT_OBJC_MSGSEND = YES;
				ENABLE_TESTABILITY = YES;
				GCC_C_LANGUAGE_STANDARD = gnu11;
				GCC_DYNAMIC_NO_PIC = NO;
				GCC_NO_COMMON_BLOCKS = YES;
				GCC_OPTIMIZATION_LEVEL = 0;
				GCC_PREPROCESSOR_DEFINITIONS = (
					"DEBUG=1",
					"$(inherited)",
				);
				GCC_WARN_64_TO_32_BIT_CONVERSION = YES;
				GCC_WARN_ABOUT_RETURN_TYPE = YES_ERROR;
				GCC_WARN_UNDECLARED_SELECTOR = YES;
				GCC_WARN_UNINITIALIZED_AUTOS = YES_AGGRESSIVE;
				GCC_WARN_UNUSED_FUNCTION = YES;
				GCC_WARN_UNUSED_VARIABLE = YES;
				IPHONEOS_DEPLOYMENT_TARGET = 13.2;
				MTL_ENABLE_DEBUG_INFO = INCLUDE_SOURCE;
				MTL_FAST_MATH = YES;
				ONLY_ACTIVE_ARCH = YES;
				SDKROOT = iphoneos;
				SWIFT_ACTIVE_COMPILATION_CONDITIONS = DEBUG;
				SWIFT_OPTIMIZATION_LEVEL = "-Onone";
			};
			name = Debug;
		};
		5181678623F5A48300AB03C8 /* Release */ = {
			isa = XCBuildConfiguration;
			buildSettings = {
				ALWAYS_SEARCH_USER_PATHS = NO;
				CLANG_ANALYZER_NONNULL = YES;
				CLANG_ANALYZER_NUMBER_OBJECT_CONVERSION = YES_AGGRESSIVE;
				CLANG_CXX_LANGUAGE_STANDARD = "gnu++14";
				CLANG_CXX_LIBRARY = "libc++";
				CLANG_ENABLE_MODULES = YES;
				CLANG_ENABLE_OBJC_ARC = YES;
				CLANG_ENABLE_OBJC_WEAK = YES;
				CLANG_WARN_BLOCK_CAPTURE_AUTORELEASING = YES;
				CLANG_WARN_BOOL_CONVERSION = YES;
				CLANG_WARN_COMMA = YES;
				CLANG_WARN_CONSTANT_CONVERSION = YES;
				CLANG_WARN_DEPRECATED_OBJC_IMPLEMENTATIONS = YES;
				CLANG_WARN_DIRECT_OBJC_ISA_USAGE = YES_ERROR;
				CLANG_WARN_DOCUMENTATION_COMMENTS = YES;
				CLANG_WARN_EMPTY_BODY = YES;
				CLANG_WARN_ENUM_CONVERSION = YES;
				CLANG_WARN_INFINITE_RECURSION = YES;
				CLANG_WARN_INT_CONVERSION = YES;
				CLANG_WARN_NON_LITERAL_NULL_CONVERSION = YES;
				CLANG_WARN_OBJC_IMPLICIT_RETAIN_SELF = YES;
				CLANG_WARN_OBJC_LITERAL_CONVERSION = YES;
				CLANG_WARN_OBJC_ROOT_CLASS = YES_ERROR;
				CLANG_WARN_RANGE_LOOP_ANALYSIS = YES;
				CLANG_WARN_STRICT_PROTOTYPES = YES;
				CLANG_WARN_SUSPICIOUS_MOVE = YES;
				CLANG_WARN_UNGUARDED_AVAILABILITY = YES_AGGRESSIVE;
				CLANG_WARN_UNREACHABLE_CODE = YES;
				CLANG_WARN__DUPLICATE_METHOD_MATCH = YES;
				COPY_PHASE_STRIP = NO;
				DEBUG_INFORMATION_FORMAT = "dwarf-with-dsym";
				ENABLE_NS_ASSERTIONS = NO;
				ENABLE_STRICT_OBJC_MSGSEND = YES;
				GCC_C_LANGUAGE_STANDARD = gnu11;
				GCC_NO_COMMON_BLOCKS = YES;
				GCC_WARN_64_TO_32_BIT_CONVERSION = YES;
				GCC_WARN_ABOUT_RETURN_TYPE = YES_ERROR;
				GCC_WARN_UNDECLARED_SELECTOR = YES;
				GCC_WARN_UNINITIALIZED_AUTOS = YES_AGGRESSIVE;
				GCC_WARN_UNUSED_FUNCTION = YES;
				GCC_WARN_UNUSED_VARIABLE = YES;
				IPHONEOS_DEPLOYMENT_TARGET = 13.2;
				MTL_ENABLE_DEBUG_INFO = NO;
				MTL_FAST_MATH = YES;
				SDKROOT = iphoneos;
				SWIFT_COMPILATION_MODE = wholemodule;
				SWIFT_OPTIMIZATION_LEVEL = "-O";
				VALIDATE_PRODUCT = YES;
			};
			name = Release;
		};
		5181678823F5A48300AB03C8 /* Debug */ = {
			isa = XCBuildConfiguration;
			buildSettings = {
				ASSETCATALOG_COMPILER_APPICON_NAME = AppIcon;
				CODE_SIGN_STYLE = Automatic;
				DEVELOPMENT_TEAM = 8832U97EJ9;
				INFOPLIST_FILE = WeatherForecast/Info.plist;
				IPHONEOS_DEPLOYMENT_TARGET = 13.0;
				LD_RUNPATH_SEARCH_PATHS = (
					"$(inherited)",
					"@executable_path/Frameworks",
				);
				PRODUCT_BUNDLE_IDENTIFIER = uk.co.cjapps.WeatherForecast;
				PRODUCT_NAME = "$(TARGET_NAME)";
				SWIFT_VERSION = 5.0;
				TARGETED_DEVICE_FAMILY = 1;
			};
			name = Debug;
		};
		5181678923F5A48300AB03C8 /* Release */ = {
			isa = XCBuildConfiguration;
			buildSettings = {
				ASSETCATALOG_COMPILER_APPICON_NAME = AppIcon;
				CODE_SIGN_STYLE = Automatic;
				DEVELOPMENT_TEAM = 8832U97EJ9;
				INFOPLIST_FILE = WeatherForecast/Info.plist;
				IPHONEOS_DEPLOYMENT_TARGET = 13.0;
				LD_RUNPATH_SEARCH_PATHS = (
					"$(inherited)",
					"@executable_path/Frameworks",
				);
				PRODUCT_BUNDLE_IDENTIFIER = uk.co.cjapps.WeatherForecast;
				PRODUCT_NAME = "$(TARGET_NAME)";
				SWIFT_VERSION = 5.0;
				TARGETED_DEVICE_FAMILY = 1;
			};
			name = Release;
		};
		5181678B23F5A48300AB03C8 /* Debug */ = {
			isa = XCBuildConfiguration;
			buildSettings = {
				ALWAYS_EMBED_SWIFT_STANDARD_LIBRARIES = YES;
				BUNDLE_LOADER = "$(TEST_HOST)";
				CODE_SIGN_STYLE = Automatic;
				DEVELOPMENT_TEAM = 8832U97EJ9;
				INFOPLIST_FILE = WeatherForecastTests/Info.plist;
				IPHONEOS_DEPLOYMENT_TARGET = 13.2;
				LD_RUNPATH_SEARCH_PATHS = (
					"$(inherited)",
					"@executable_path/Frameworks",
					"@loader_path/Frameworks",
				);
				PRODUCT_BUNDLE_IDENTIFIER = uk.co.cjapps.WeatherForecastTests;
				PRODUCT_NAME = "$(TARGET_NAME)";
				SWIFT_VERSION = 5.0;
				TARGETED_DEVICE_FAMILY = "1,2";
				TEST_HOST = "$(BUILT_PRODUCTS_DIR)/WeatherForecast.app/WeatherForecast";
			};
			name = Debug;
		};
		5181678C23F5A48300AB03C8 /* Release */ = {
			isa = XCBuildConfiguration;
			buildSettings = {
				ALWAYS_EMBED_SWIFT_STANDARD_LIBRARIES = YES;
				BUNDLE_LOADER = "$(TEST_HOST)";
				CODE_SIGN_STYLE = Automatic;
				DEVELOPMENT_TEAM = 8832U97EJ9;
				INFOPLIST_FILE = WeatherForecastTests/Info.plist;
				IPHONEOS_DEPLOYMENT_TARGET = 13.2;
				LD_RUNPATH_SEARCH_PATHS = (
					"$(inherited)",
					"@executable_path/Frameworks",
					"@loader_path/Frameworks",
				);
				PRODUCT_BUNDLE_IDENTIFIER = uk.co.cjapps.WeatherForecastTests;
				PRODUCT_NAME = "$(TARGET_NAME)";
				SWIFT_VERSION = 5.0;
				TARGETED_DEVICE_FAMILY = "1,2";
				TEST_HOST = "$(BUILT_PRODUCTS_DIR)/WeatherForecast.app/WeatherForecast";
			};
			name = Release;
		};
		5181678E23F5A48300AB03C8 /* Debug */ = {
			isa = XCBuildConfiguration;
			buildSettings = {
				ALWAYS_EMBED_SWIFT_STANDARD_LIBRARIES = YES;
				CODE_SIGN_STYLE = Automatic;
				DEVELOPMENT_TEAM = 8832U97EJ9;
				INFOPLIST_FILE = WeatherForecastUITests/Info.plist;
				LD_RUNPATH_SEARCH_PATHS = (
					"$(inherited)",
					"@executable_path/Frameworks",
					"@loader_path/Frameworks",
				);
				PRODUCT_BUNDLE_IDENTIFIER = uk.co.cjapps.WeatherForecastUITests;
				PRODUCT_NAME = "$(TARGET_NAME)";
				SWIFT_VERSION = 5.0;
				TARGETED_DEVICE_FAMILY = "1,2";
				TEST_TARGET_NAME = WeatherForecast;
			};
			name = Debug;
		};
		5181678F23F5A48300AB03C8 /* Release */ = {
			isa = XCBuildConfiguration;
			buildSettings = {
				ALWAYS_EMBED_SWIFT_STANDARD_LIBRARIES = YES;
				CODE_SIGN_STYLE = Automatic;
				DEVELOPMENT_TEAM = 8832U97EJ9;
				INFOPLIST_FILE = WeatherForecastUITests/Info.plist;
				LD_RUNPATH_SEARCH_PATHS = (
					"$(inherited)",
					"@executable_path/Frameworks",
					"@loader_path/Frameworks",
				);
				PRODUCT_BUNDLE_IDENTIFIER = uk.co.cjapps.WeatherForecastUITests;
				PRODUCT_NAME = "$(TARGET_NAME)";
				SWIFT_VERSION = 5.0;
				TARGETED_DEVICE_FAMILY = "1,2";
				TEST_TARGET_NAME = WeatherForecast;
			};
			name = Release;
		};
/* End XCBuildConfiguration section */

/* Begin XCConfigurationList section */
		5181675523F5A48300AB03C8 /* Build configuration list for PBXProject "WeatherForecast" */ = {
			isa = XCConfigurationList;
			buildConfigurations = (
				5181678523F5A48300AB03C8 /* Debug */,
				5181678623F5A48300AB03C8 /* Release */,
			);
			defaultConfigurationIsVisible = 0;
			defaultConfigurationName = Release;
		};
		5181678723F5A48300AB03C8 /* Build configuration list for PBXNativeTarget "WeatherForecast" */ = {
			isa = XCConfigurationList;
			buildConfigurations = (
				5181678823F5A48300AB03C8 /* Debug */,
				5181678923F5A48300AB03C8 /* Release */,
			);
			defaultConfigurationIsVisible = 0;
			defaultConfigurationName = Release;
		};
		5181678A23F5A48300AB03C8 /* Build configuration list for PBXNativeTarget "WeatherForecastTests" */ = {
			isa = XCConfigurationList;
			buildConfigurations = (
				5181678B23F5A48300AB03C8 /* Debug */,
				5181678C23F5A48300AB03C8 /* Release */,
			);
			defaultConfigurationIsVisible = 0;
			defaultConfigurationName = Release;
		};
		5181678D23F5A48300AB03C8 /* Build configuration list for PBXNativeTarget "WeatherForecastUITests" */ = {
			isa = XCConfigurationList;
			buildConfigurations = (
				5181678E23F5A48300AB03C8 /* Debug */,
				5181678F23F5A48300AB03C8 /* Release */,
			);
			defaultConfigurationIsVisible = 0;
			defaultConfigurationName = Release;
		};
/* End XCConfigurationList section */

/* Begin XCVersionGroup section */
		5181676623F5A48300AB03C8 /* WeatherForecast.xcdatamodeld */ = {
			isa = XCVersionGroup;
			children = (
				5181676723F5A48300AB03C8 /* WeatherForecast.xcdatamodel */,
			);
			currentVersion = 5181676723F5A48300AB03C8 /* WeatherForecast.xcdatamodel */;
			path = WeatherForecast.xcdatamodeld;
			sourceTree = "<group>";
			versionGroupType = wrapper.xcdatamodel;
		};
/* End XCVersionGroup section */
	};
	rootObject = 5181675223F5A48300AB03C8 /* Project object */;
}
